dependencies:
  '@types/lokijs': 1.5.3
  deepmerge: 4.2.2
  easydropdown: 4.2.0
  exiftool-vendored: 13.0.0
  json-beautify: 1.1.1
  jsonfile: 6.1.0
  lokijs: 1.5.11
  lowdb: 1.0.0
  music-metadata: 7.5.1
  nanoid: 3.1.20
  string-hash: 1.1.3
devDependencies:
  '@types/jsonfile': 6.0.0
  '@types/nanoid': 2.1.0
  '@types/node': 14.14.12
  '@types/string-hash': 1.1.1
  concurrently: 5.3.0
  electron: 11.0.4
  electron-window-state: 5.0.3
  typescript: 4.1.2
lockfileVersion: 5.2
packages:
  /@electron/get/1.12.2:
    dependencies:
      debug: 4.3.1
      env-paths: 2.2.0
      fs-extra: 8.1.0
      got: 9.6.0
      progress: 2.0.3
      sanitize-filename: 1.6.3
      sumchecker: 3.0.1
    dev: true
    engines:
      node: '>=8.6'
    optionalDependencies:
      global-agent: 2.1.12
      global-tunnel-ng: 2.7.1
    resolution:
      integrity: sha512-vAuHUbfvBQpYTJ5wB7uVIDq5c/Ry0fiTBMs7lnEYAo/qXXppIVcWdfBr57u6eRnKdVso7KSiH6p/LbQAG6Izrg==
  /@sindresorhus/is/0.14.0:
    dev: true
    engines:
      node: '>=6'
    resolution:
      integrity: sha512-9NET910DNaIPngYnLLPeg+Ogzqsi9uM4mSboU5y6p8S5DzMTVEsJZrawi+BoDNUVBa2DhJqQYUFvMDfgU062LQ==
  /@szmarczak/http-timer/1.1.2:
    dependencies:
      defer-to-connect: 1.1.3
    dev: true
    engines:
      node: '>=6'
    resolution:
      integrity: sha512-XIB2XbzHTN6ieIjfIMV9hlVcfPU26s2vafYWQcZHWXHOxiaRZYEDKEwdl129Zyg50+foYV2jCgtrqSA6qNuNSA==
  /@tokenizer/token/0.1.1:
    dev: false
    resolution:
      integrity: sha512-XO6INPbZCxdprl+9qa/AAbFFOMzzwqYxpjPgLICrMD6C2FCw6qfJOPcBk6JqqPLSaZ/Qx87qn4rpPmPMwaAK6w==
  /@types/debug/4.1.5:
    dev: false
    resolution:
      integrity: sha512-Q1y515GcOdTHgagaVFhHnIFQ38ygs/kmxdNpvpou+raI9UO3YZcHDngBSYKQklcKlvA7iuQlmIKbzvmxcOE9CQ==
  /@types/jsonfile/6.0.0:
    dependencies:
      '@types/node': 14.11.2
    dev: true
    resolution:
      integrity: sha512-mUHbRieyluPtL3c466K7oUGua1lAVlz45PV4U3bHs5CXdBlDIeXJI5xQXa6IZYnrgmcJzJp/CiTZB4zfShAi6w==
  /@types/lokijs/1.5.3:
    dev: false
    resolution:
      integrity: sha512-ssiP6F7rpDqlaOzo+0Y/0dkVH2JiAjc+o7n6M4pFnfAMscf+7FthqS0cobvGJEJvxmzp4PWfMOfe0q3VETtrgQ==
  /@types/nanoid/2.1.0:
    dependencies:
      '@types/node': 14.14.7
    dev: true
    resolution:
      integrity: sha512-xdkn/oRTA0GSNPLIKZgHWqDTWZsVrieKomxJBOQUK9YDD+zfSgmwD5t4WJYra5S7XyhTw7tfvwznW+pFexaepQ==
  /@types/node/12.19.8:
    dev: true
    resolution:
      integrity: sha512-D4k2kNi0URNBxIRCb1khTnkWNHv8KSL1owPmS/K5e5t8B2GzMReY7AsJIY1BnP5KdlgC4rj9jk2IkDMasIE7xg==
  /@types/node/14.11.2:
    dev: true
    resolution:
      integrity: sha512-jiE3QIxJ8JLNcb1Ps6rDbysDhN4xa8DJJvuC9prr6w+1tIh+QAbYyNF3tyiZNLDBIuBCf4KEcV2UvQm/V60xfA==
  /@types/node/14.14.12:
    resolution:
      integrity: sha512-ASH8OPHMNlkdjrEdmoILmzFfsJICvhBsFfAum4aKZ/9U4B6M6tTmTPh+f3ttWdD74CEGV5XvXWkbyfSdXaTd7g==
  /@types/node/14.14.7:
    dev: true
    resolution:
      integrity: sha512-Zw1vhUSQZYw+7u5dAwNbIA9TuTotpzY/OF7sJM9FqPOF3SPjKnxrjoTktXDZgUjybf4cWVBP7O8wvKdSaGHweg==
  /@types/readable-stream/2.3.9:
    dependencies:
      '@types/node': 14.14.12
      safe-buffer: 5.2.1
    dev: false
    resolution:
      integrity: sha512-sqsgQqFT7HmQz/V5jH1O0fvQQnXAJO46Gg9LRO/JPfjmVmGUlcx831TZZO3Y3HtWhIkzf3kTsNT0Z0kzIhIvZw==
  /@types/string-hash/1.1.1:
    dev: true
    resolution:
      integrity: sha512-ijt3zdHi2DmZxQpQTmozXszzDo78V4R3EdvX0jFMfnMH2ZzQSmCbaWOMPGXFUYSzSIdStv78HDjg32m5dxc+tA==
  /ansi-regex/4.1.0:
    dev: true
    engines:
      node: '>=6'
    resolution:
      integrity: sha512-1apePfXM1UOSqw0o9IiFAovVz9M5S1Dg+4TrDwfMewQ6p/rmMueb7tWZjQ1rx4Loy1ArBggoqGpfqqdI4rondg==
  /ansi-styles/3.2.1:
    dependencies:
      color-convert: 1.9.3
    dev: true
    engines:
      node: '>=4'
    resolution:
      integrity: sha512-VT0ZI6kZRdTh8YyJw3SMbYm/u+NqfsAxEpWO0Pf9sq8/e94WxxOpPKx9FR1FlyCtOVDNOQ+8ntlqFxiRc+r5qA==
  /batch-cluster/6.0.0:
    dev: false
    engines:
      node: '>=10.0.0'
    resolution:
      integrity: sha512-MzCUEMvgCk2ZPo6GdO4nX9aCHbBBmhwNws1KsHgqYbSQ922NAZiRbc3XhbciIe4MidRpDtX2CgXKQvjRA+4L1Q==
  /boolean/3.0.2:
    dev: true
    optional: true
    resolution:
      integrity: sha512-RwywHlpCRc3/Wh81MiCKun4ydaIFyW5Ea6JbL6sRCVx5q5irDw7pMXBUFYF/jArQ6YrG36q0kpovc9P/Kd3I4g==
  /buffer-crc32/0.2.13:
    dev: true
    resolution:
      integrity: sha1-DTM+PwDqxQqhRUq9MO+MKl2ackI=
  /buffer-from/1.1.1:
    dev: true
    resolution:
      integrity: sha512-MQcXEUbCKtEo7bhqEs6560Hyd4XaovZlO/k9V3hjVUF/zwW7KBVdSK4gIt/bzwS9MbR5qob+F5jusZsb0YQK2A==
  /cacheable-request/6.1.0:
    dependencies:
      clone-response: 1.0.2
      get-stream: 5.2.0
      http-cache-semantics: 4.1.0
      keyv: 3.1.0
      lowercase-keys: 2.0.0
      normalize-url: 4.5.0
      responselike: 1.0.2
    dev: true
    engines:
      node: '>=8'
    resolution:
      integrity: sha512-Oj3cAGPCqOZX7Rz64Uny2GYAZNliQSqfbePrgAQ1wKAihYmCUnraBtJtKcGR4xz7wF+LoJC+ssFZvv5BgF9Igg==
  /camelcase/5.3.1:
    dev: true
    engines:
      node: '>=6'
    resolution:
      integrity: sha512-L28STB170nwWS63UjtlEOE3dldQApaJXZkOI1uMFfzf3rRuPegHaHesyee+YxQ+W6SvRDQV6UrdOdRiR153wJg==
  /chalk/2.4.2:
    dependencies:
      ansi-styles: 3.2.1
      escape-string-regexp: 1.0.5
      supports-color: 5.5.0
    dev: true
    engines:
      node: '>=4'
    resolution:
      integrity: sha512-Mti+f9lpJNcwF4tWV8/OrTTtF1gZi+f8FqlyAdouralcFWFQWF2+NgCHShjkCb+IFBLq9buZwE1xckQU4peSuQ==
  /cliui/5.0.0:
    dependencies:
      string-width: 3.1.0
      strip-ansi: 5.2.0
      wrap-ansi: 5.1.0
    dev: true
    resolution:
      integrity: sha512-PYeGSEmmHM6zvoef2w8TPzlrnNpXIjTipYK780YswmIP9vjxmd6Y2a3CB2Ks6/AU8NHjZugXvo8w3oWM2qnwXA==
  /clone-response/1.0.2:
    dependencies:
      mimic-response: 1.0.1
    dev: true
    resolution:
      integrity: sha1-0dyXOSAxTfZ/vrlCI7TuNQI56Ws=
  /color-convert/1.9.3:
    dependencies:
      color-name: 1.1.3
    dev: true
    resolution:
      integrity: sha512-QfAUtd+vFdAtFQcC8CCyYt1fYWxSqAiK2cSD6zDB8N3cpsEBAvRxp9zOGg6G/SHHJYAT88/az/IuDGALsNVbGg==
  /color-name/1.1.3:
    dev: true
    resolution:
      integrity: sha1-p9BVi9icQveV3UIyj3QIMcpTvCU=
  /concat-stream/1.6.2:
    dependencies:
      buffer-from: 1.1.1
      inherits: 2.0.4
      readable-stream: 2.3.7
      typedarray: 0.0.6
    dev: true
    engines:
      '0': node >= 0.8
    resolution:
      integrity: sha512-27HBghJxjiZtIk3Ycvn/4kbJk/1uZuJFfuPEns6LaEvpvG1f0hTea8lilrouyo9mVc2GWdcEZ8OLoGmSADlrCw==
  /concurrently/5.3.0:
    dependencies:
      chalk: 2.4.2
      date-fns: 2.16.1
      lodash: 4.17.20
      read-pkg: 4.0.1
      rxjs: 6.6.3
      spawn-command: 0.0.2-1
      supports-color: 6.1.0
      tree-kill: 1.2.2
      yargs: 13.3.2
    dev: true
    engines:
      node: '>=6.0.0'
    hasBin: true
    resolution:
      integrity: sha512-8MhqOB6PWlBfA2vJ8a0bSFKATOdWlHiQlk11IfmQBPaHVP8oP2gsh2MObE6UR3hqDHqvaIvLTyceNW6obVuFHQ==
  /config-chain/1.1.12:
    dependencies:
      ini: 1.3.7
      proto-list: 1.2.4
    dev: true
    optional: true
    resolution:
      integrity: sha512-a1eOIcu8+7lUInge4Rpf/n4Krkf3Dd9lqhljRzII1/Zno/kRtUWnznPO3jOKBmTEktkt3fkxisUcivoj0ebzoA==
  /content-type/1.0.4:
    dev: false
    engines:
      node: '>= 0.6'
    resolution:
      integrity: sha512-hIP3EEPs8tB9AT1L+NUqtwOAps4mk2Zob89MWXMHjHWg9milF/j4osnnQLXBCBFBk/tvIG/tUc9mOUJiPBhPXA==
  /core-js/3.8.1:
    dev: true
    optional: true
    requiresBuild: true
    resolution:
      integrity: sha512-9Id2xHY1W7m8hCl8NkhQn5CufmF/WuR30BTRewvCXc1aZd3kMECwNZ69ndLbekKfakw9Rf2Xyc+QR6E7Gg+obg==
  /core-util-is/1.0.2:
    dev: true
    resolution:
      integrity: sha1-tf1UIgqivFq1eqtxQMlAdUUDwac=
  /custom-event-polyfill/1.0.6:
    dev: false
    resolution:
      integrity: sha512-3FxpFlzGcHrDykwWu+xWVXZ8PfykM/9/bI3zXb953sh+AjInZWcQmrnmvPoZgiqNjmbtTm10PWvYqvRW527x6g==
  /date-fns/2.16.1:
    dev: true
    engines:
      node: '>=0.11'
    resolution:
      integrity: sha512-sAJVKx/FqrLYHAQeN7VpJrPhagZc9R4ImZIWYRFZaaohR3KzmuK88touwsSwSVT8Qcbd4zoDsnGfX4GFB4imyQ==
  /debug/2.6.9:
    dependencies:
      ms: 2.0.0
    dev: true
    resolution:
      integrity: sha512-bC7ElrdJaJnPbAP+1EotYvqZsb3ecl5wi6Bfi6BJTUcNowp6cvspg0jXznRTKDjm/E7AdgFBVeAPVMNcKGsHMA==
  /debug/4.3.1:
    dependencies:
      ms: 2.1.2
    engines:
      node: '>=6.0'
    peerDependencies:
      supports-color: '*'
    peerDependenciesMeta:
      supports-color:
        optional: true
    resolution:
      integrity: sha512-doEwdvm4PCeK4K3RQN2ZC2BYUBaxwLARCqZmMjtF8a51J2Rb0xpVloFRnCODwqjpwnAoao4pelN8l3RJdv3gRQ==
  /decamelize/1.2.0:
    dev: true
    engines:
      node: '>=0.10.0'
    resolution:
      integrity: sha1-9lNNFRSCabIDUue+4m9QH5oZEpA=
  /decompress-response/3.3.0:
    dependencies:
      mimic-response: 1.0.1
    dev: true
    engines:
      node: '>=4'
    resolution:
      integrity: sha1-gKTdMjdIOEv6JICDYirt7Jgq3/M=
  /deepmerge/4.2.2:
    dev: false
    engines:
      node: '>=0.10.0'
    resolution:
      integrity: sha512-FJ3UgI4gIl+PHZm53knsuSFpE+nESMr7M4v9QcgB7S63Kj/6WqMiFQJpBBYz1Pt+66bZpP3Q7Lye0Oo9MPKEdg==
  /defer-to-connect/1.1.3:
    dev: true
    resolution:
      integrity: sha512-0ISdNousHvZT2EiFlZeZAHBUvSxmKswVCEf8hW7KWgG4a8MVEu/3Vb6uWYozkjylyCxe0JBIiRB1jV45S70WVQ==
  /define-properties/1.1.3:
    dependencies:
      object-keys: 1.1.1
    dev: true
    engines:
      node: '>= 0.4'
    optional: true
    resolution:
      integrity: sha512-3MqfYKj2lLzdMSf8ZIZE/V+Zuy+BgD6f164e8K2w7dgnpKArBDerGYpM46IYYcjnkdPNMjPk9A6VFB8+3SKlXQ==
  /detect-node/2.0.4:
    dev: true
    optional: true
    resolution:
      integrity: sha512-ZIzRpLJrOj7jjP2miAtgqIfmzbxa4ZOr5jJc601zklsfEx9oTzmmj2nVpIPRpNlRTIh8lc1kyViIY7BWSGNmKw==
  /duplexer3/0.1.4:
    dev: true
    resolution:
      integrity: sha1-7gHdHKwO08vH/b6jfcCo8c4ALOI=
  /easydropdown/4.2.0:
    dependencies:
      custom-event-polyfill: 1.0.6
      helpful-merge: 0.2.0
    dev: false
    resolution:
      integrity: sha512-oicfb/8VT2e9s1nCqzBEB2qCXvuJl4nQnHT6ej+HG8Ot6vNkymxKOL9qE1G4h2uMe16xFW9NF1/WiOIF6yX00g==
  /electron-window-state/5.0.3:
    dependencies:
      jsonfile: 4.0.0
      mkdirp: 0.5.5
    dev: true
    engines:
      node: '>=8.0.0'
    resolution:
      integrity: sha512-1mNTwCfkolXl3kMf50yW3vE2lZj0y92P/HYWFBrb+v2S/pCka5mdwN3cagKm458A7NjndSwijynXgcLWRodsVg==
  /electron/11.0.4:
    dependencies:
      '@electron/get': 1.12.2
      '@types/node': 12.19.8
      extract-zip: 1.7.0
    dev: true
    engines:
      node: '>= 8.6'
    hasBin: true
    requiresBuild: true
    resolution:
      integrity: sha512-ipfQ28Km52iuDSe9VK0G5uuyxi8qy8szg+01kQTRXZFCLlpgsgU+vQxWkld2tkhXWdu+H3dmgYHvWtoijOvhjw==
  /emoji-regex/7.0.3:
    dev: true
    resolution:
      integrity: sha512-CwBLREIQ7LvYFB0WyRvwhq5N5qPhc6PMjD6bYggFlI5YyDgl+0vxq5VHbMOFqLg7hfWzmu8T5Z1QofhmTIhItA==
  /encodeurl/1.0.2:
    dev: true
    engines:
      node: '>= 0.8'
    optional: true
    resolution:
      integrity: sha1-rT/0yG7C0CkyL1oCw6mmBslbP1k=
  /end-of-stream/1.4.4:
    dependencies:
      once: 1.4.0
    dev: true
    resolution:
      integrity: sha512-+uw1inIHVPQoaVuHzRyXd21icM+cnt4CzD5rW+NC1wjOUSTOs+Te7FOv7AhN7vS9x/oIyhLP5PR1H+phQAHu5Q==
  /env-paths/2.2.0:
    dev: true
    engines:
      node: '>=6'
    resolution:
      integrity: sha512-6u0VYSCo/OW6IoD5WCLLy9JUGARbamfSavcNXry/eu8aHVFei6CD3Sw+VGX5alea1i9pgPHW0mbu6Xj0uBh7gA==
  /error-ex/1.3.2:
    dependencies:
      is-arrayish: 0.2.1
    dev: true
    resolution:
      integrity: sha512-7dFHNmqeFSEt2ZBsCriorKnn3Z2pj+fd9kmI6QoWw4//DL+icEBfc0U7qJCisqrTsKTjw4fNFy2pW9OqStD84g==
  /es6-error/4.1.1:
    dev: true
    optional: true
    resolution:
      integrity: sha512-Um/+FxMr9CISWh0bi5Zv0iOD+4cFh5qLeks1qhAopKVAJw3drgKbKySikp7wGhDL0HPeaja0P5ULZrxLkniUVg==
  /escape-string-regexp/1.0.5:
    dev: true
    engines:
      node: '>=0.8.0'
    resolution:
      integrity: sha1-G2HAViGQqN/2rjuyzwIAyhMLhtQ=
  /escape-string-regexp/4.0.0:
    dev: true
    engines:
      node: '>=10'
    optional: true
    resolution:
      integrity: sha512-TtpcNJ3XAzx3Gq8sWRzJaVajRs0uVxA2YAkdb1jm2YkPz4G6egUFAyA3n5vtEIZefPk5Wa4UXbKuS5fKkJWdgA==
  /exiftool-vendored.exe/12.12.0:
    dev: false
    optional: true
    os:
      - win32
    resolution:
      integrity: sha512-XdY82N8K4LOe3TLI0Mg3MA1/gve3AevO5XjJpFwE2PSki72gUnsZwriI+0J8gaAY7L2O//43dtrZArC5mN9O7A==
  /exiftool-vendored.pl/12.12.0:
    dev: false
    optional: true
    os:
      - '!win32'
    resolution:
      integrity: sha512-C9EJauh1aoK5DudZcP79BSjr4YyskHn9r0T3BPkgCGT6MxZTzJTxMsS2T09rhloyf4dWlAZbwGg7Y8re7RbEZA==
  /exiftool-vendored/13.0.0:
    dependencies:
      batch-cluster: 6.0.0
      luxon: 1.25.0
      tz-lookup: 6.1.25
    dev: false
    optionalDependencies:
      exiftool-vendored.exe: 12.12.0
      exiftool-vendored.pl: 12.12.0
    resolution:
      integrity: sha512-JL7+JdyGRmJRB25w4Ij0jIaW0bvBML8QrOnmdzbhdq2A+swi12ZPQsw8A4TrPPUyPG2+jJkWaKZX8Qc0BUF7Zw==
  /extract-zip/1.7.0:
    dependencies:
      concat-stream: 1.6.2
      debug: 2.6.9
      mkdirp: 0.5.5
      yauzl: 2.10.0
    dev: true
    hasBin: true
    resolution:
      integrity: sha512-xoh5G1W/PB0/27lXgMQyIhP5DSY/LhoCsOyZgb+6iMmRtCwVBo55uKaMoEYrDCKQhWvqEip5ZPKAc6eFNyf/MA==
  /fd-slicer/1.1.0:
    dependencies:
      pend: 1.2.0
    dev: true
    resolution:
      integrity: sha1-JcfInLH5B3+IkbvmHY85Dq4lbx4=
  /file-type/16.0.1:
    dependencies:
      readable-web-to-node-stream: 3.0.0
      strtok3: 6.0.4
      token-types: 2.0.0
      typedarray-to-buffer: 3.1.5
    dev: false
    engines:
      node: '>=8'
    resolution:
      integrity: sha512-rwXqMZiizJd0uXZE52KN2DtPBAV99qz9cUTHHt8pSyaQzgVYrHJGR0qt2p4N/yzHEL/tGrlB/TgawQb4Fnxxyw==
  /find-up/3.0.0:
    dependencies:
      locate-path: 3.0.0
    dev: true
    engines:
      node: '>=6'
    resolution:
      integrity: sha512-1yD6RmLI1XBfxugvORwlck6f75tYL+iR0jqwsOrOxMZyGYqUuDhJ0l4AXdO1iX/FTs9cBAMEk1gWSEx1kSbylg==
  /fs-extra/8.1.0:
    dependencies:
      graceful-fs: 4.2.4
      jsonfile: 4.0.0
      universalify: 0.1.2
    dev: true
    engines:
      node: '>=6 <7 || >=8'
    resolution:
      integrity: sha512-yhlQgA6mnOJUKOsRUFsgJdQCvkKhcz8tlZG5HBQfReYZy46OwLcY+Zia0mtdHsOo9y/hP+CxMN0TU9QxoOtG4g==
  /get-caller-file/2.0.5:
    dev: true
    engines:
      node: 6.* || 8.* || >= 10.*
    resolution:
      integrity: sha512-DyFP3BM/3YHTQOCUL/w0OZHR0lpKeGrxotcHWcqNEdnltqFwXVfhEBQ94eIo34AfQpo0rGki4cyIiftY06h2Fg==
  /get-stream/4.1.0:
    dependencies:
      pump: 3.0.0
    dev: true
    engines:
      node: '>=6'
    resolution:
      integrity: sha512-GMat4EJ5161kIy2HevLlr4luNjBgvmj413KaQA7jt4V8B4RDsfpHk7WQ9GVqfYyyx8OS/L66Kox+rJRNklLK7w==
  /get-stream/5.2.0:
    dependencies:
      pump: 3.0.0
    dev: true
    engines:
      node: '>=8'
    resolution:
      integrity: sha512-nBF+F1rAZVCu/p7rjzgA+Yb4lfYXrpl7a6VmJrU8wF9I1CKvP/QwPNZHnOlwbTkY6dvtFIzFMSyQXbLoTQPRpA==
  /global-agent/2.1.12:
    dependencies:
      boolean: 3.0.2
      core-js: 3.8.1
      es6-error: 4.1.1
      matcher: 3.0.0
      roarr: 2.15.4
      semver: 7.3.4
      serialize-error: 7.0.1
    dev: true
    engines:
      node: '>=10.0'
    optional: true
    resolution:
      integrity: sha512-caAljRMS/qcDo69X9BfkgrihGUgGx44Fb4QQToNQjsiWh+YlQ66uqYVAdA8Olqit+5Ng0nkz09je3ZzANMZcjg==
  /global-tunnel-ng/2.7.1:
    dependencies:
      encodeurl: 1.0.2
      lodash: 4.17.20
      npm-conf: 1.1.3
      tunnel: 0.0.6
    dev: true
    engines:
      node: '>=0.10'
    optional: true
    resolution:
      integrity: sha512-4s+DyciWBV0eK148wqXxcmVAbFVPqtc3sEtUE/GTQfuU80rySLcMhUmHKSHI7/LDj8q0gDYI1lIhRRB7ieRAqg==
  /globalthis/1.0.1:
    dependencies:
      define-properties: 1.1.3
    dev: true
    engines:
      node: '>= 0.4'
    optional: true
    resolution:
      integrity: sha512-mJPRTc/P39NH/iNG4mXa9aIhNymaQikTrnspeCa2ZuJ+mH2QN/rXwtX3XwKrHqWgUQFbNZKtHM105aHzJalElw==
  /got/9.6.0:
    dependencies:
      '@sindresorhus/is': 0.14.0
      '@szmarczak/http-timer': 1.1.2
      cacheable-request: 6.1.0
      decompress-response: 3.3.0
      duplexer3: 0.1.4
      get-stream: 4.1.0
      lowercase-keys: 1.0.1
      mimic-response: 1.0.1
      p-cancelable: 1.1.0
      to-readable-stream: 1.0.0
      url-parse-lax: 3.0.0
    dev: true
    engines:
      node: '>=8.6'
    resolution:
      integrity: sha512-R7eWptXuGYxwijs0eV+v3o6+XH1IqVK8dJOEecQfTmkncw9AV4dcw/Dhxi8MdlqPthxxpZyizMzyg8RTmEsG+Q==
  /graceful-fs/4.2.4:
    resolution:
      integrity: sha512-WjKPNJF79dtJAVniUlGGWHYGz2jWxT6VhN/4m1NdkbZ2nOsEF+cI1Edgql5zCRhs/VsQYRvrXctxktVXZUkixw==
  /has-flag/3.0.0:
    dev: true
    engines:
      node: '>=4'
    resolution:
      integrity: sha1-tdRU3CGZriJWmfNGfloH87lVuv0=
  /helpful-merge/0.2.0:
    dev: false
    resolution:
      integrity: sha512-lqbBl4TU15okBJ4C8hx7PBEcqtaxxsWLOypdhpsZbRvBTaibNqTXWpG6W59S0FTBeL7hx3K4MXdz8EJVcZ3CCQ==
  /hosted-git-info/2.8.8:
    dev: true
    resolution:
      integrity: sha512-f/wzC2QaWBs7t9IYqB4T3sR1xviIViXJRJTWBlx2Gf3g0Xi5vI7Yy4koXQ1c9OYDGHN9sBy1DQ2AB8fqZBWhUg==
  /http-cache-semantics/4.1.0:
    dev: true
    resolution:
      integrity: sha512-carPklcUh7ROWRK7Cv27RPtdhYhUsela/ue5/jKzjegVvXDqM2ILE9Q2BGn9JZJh1g87cp56su/FgQSzcWS8cQ==
  /ieee754/1.2.1:
    dev: false
    resolution:
      integrity: sha512-dcyqhDvX1C46lXZcVqCpK+FtMRQVdIMN6/Df5js2zouUsqG7I6sFxitIC+7KYK29KdXOLHdu9zL4sFnoVQnqaA==
  /inherits/2.0.4:
    resolution:
      integrity: sha512-k/vGaX4/Yla3WzyMCvTQOXYeIHvqOKtnqBduzTHpzpQZzAskKMhZ2K+EnBiSM9zGSoIFeMpXKxa4dYeZIQqewQ==
  /ini/1.3.7:
    dev: true
    optional: true
    resolution:
      integrity: sha512-iKpRpXP+CrP2jyrxvg1kMUpXDyRUFDWurxbnVT1vQPx+Wz9uCYsMIqYuSBLV+PAaZG/d7kRLKRFc9oDMsH+mFQ==
  /is-arrayish/0.2.1:
    dev: true
    resolution:
      integrity: sha1-d8mYQFJ6qOyxqLppe4BkWnqSap0=
  /is-fullwidth-code-point/2.0.0:
    dev: true
    engines:
      node: '>=4'
    resolution:
      integrity: sha1-o7MKXE8ZkYMWeqq5O+764937ZU8=
  /is-promise/2.2.2:
    dev: false
    resolution:
      integrity: sha512-+lP4/6lKUBfQjZ2pdxThZvLUAafmZb8OAxFb8XXtiQmS35INgr85hdOGoEs124ez1FCnZJt6jau/T+alh58QFQ==
  /is-typedarray/1.0.0:
    dev: false
    resolution:
      integrity: sha1-5HnICFjfDBsR3dppQPlgEfzaSpo=
  /isarray/1.0.0:
    dev: true
    resolution:
      integrity: sha1-u5NdSFgsuhaMBoNJV6VKPgcSTxE=
  /json-beautify/1.1.1:
    dev: false
    hasBin: true
    resolution:
      integrity: sha512-17j+Hk2lado0xqKtUcyAjK0AtoHnPSIgktWRsEXgdFQFG9UnaGw6CHa0J7xsvulxRpFl6CrkDFHght1p5ZJc4A==
  /json-buffer/3.0.0:
    dev: true
    resolution:
      integrity: sha1-Wx85evx11ne96Lz8Dkfh+aPZqJg=
  /json-parse-better-errors/1.0.2:
    dev: true
    resolution:
      integrity: sha512-mrqyZKfX5EhL7hvqcV6WG1yYjnjeuYDzDhhcAAUrq8Po85NBQBJP+ZDUT75qZQ98IkUoBqdkExkukOU7Ts2wrw==
  /json-stringify-safe/5.0.1:
    dev: true
    optional: true
    resolution:
      integrity: sha1-Epai1Y/UXxmg9s4B1lcB4sc1tus=
  /jsonfile/4.0.0:
    dev: true
    optionalDependencies:
      graceful-fs: 4.2.4
    resolution:
      integrity: sha1-h3Gq4HmbZAdrdmQPygWPnBDjPss=
  /jsonfile/6.1.0:
    dependencies:
      universalify: 2.0.0
    dev: false
    optionalDependencies:
      graceful-fs: 4.2.4
    resolution:
      integrity: sha512-5dgndWOriYSm5cnYaJNhalLNDKOqFwyDB/rr1E9ZsGciGvKPs8R2xYGCacuf3z6K1YKDz182fd+fY3cn3pMqXQ==
  /keyv/3.1.0:
    dependencies:
      json-buffer: 3.0.0
    dev: true
    resolution:
      integrity: sha512-9ykJ/46SN/9KPM/sichzQ7OvXyGDYKGTaDlKMGCAlg2UK8KRy4jb0d8sFc+0Tt0YYnThq8X2RZgCg74RPxgcVA==
  /locate-path/3.0.0:
    dependencies:
      p-locate: 3.0.0
      path-exists: 3.0.0
    dev: true
    engines:
      node: '>=6'
    resolution:
      integrity: sha512-7AO748wWnIhNqAuaty2ZWHkQHRSNfPVIsPIfwEOWO22AmaoVrWavlOcMR5nzTLNYvp36X220/maaRsrec1G65A==
  /lodash/4.17.20:
    resolution:
      integrity: sha512-PlhdFcillOINfeV7Ni6oF1TAEayyZBoZ8bcshTHqOYJYlrqzRK5hagpagky5o4HfCzzd1TRkXPMFq6cKk9rGmA==
  /lokijs/1.5.11:
    dev: false
    resolution:
      integrity: sha512-YYyuBPxMn/oS0tFznQDbIX5XL1ltMcwFqCboDr8voYE4VCDzR5vAsrvQDhlnua4lBeqMqHmLvUXRTmRUzUKH1Q==
  /lowdb/1.0.0:
    dependencies:
      graceful-fs: 4.2.4
      is-promise: 2.2.2
      lodash: 4.17.20
      pify: 3.0.0
      steno: 0.4.4
    dev: false
    engines:
      node: '>=4'
    resolution:
      integrity: sha512-2+x8esE/Wb9SQ1F9IHaYWfsC9FIecLOPrK4g17FGEayjUWH172H6nwicRovGvSE2CPZouc2MCIqCI7h9d+GftQ==
  /lowercase-keys/1.0.1:
    dev: true
    engines:
      node: '>=0.10.0'
    resolution:
      integrity: sha512-G2Lj61tXDnVFFOi8VZds+SoQjtQC3dgokKdDG2mTm1tx4m50NUHBOZSBwQQHyy0V12A0JTG4icfZQH+xPyh8VA==
  /lowercase-keys/2.0.0:
    dev: true
    engines:
      node: '>=8'
    resolution:
      integrity: sha512-tqNXrS78oMOE73NMxK4EMLQsQowWf8jKooH9g7xPavRT706R6bkQJ6DY2Te7QukaZsulxa30wQ7bk0pm4XiHmA==
  /lru-cache/6.0.0:
    dependencies:
      yallist: 4.0.0
    dev: true
    engines:
      node: '>=10'
    optional: true
    resolution:
      integrity: sha512-Jo6dJ04CmSjuznwJSS3pUeWmd/H0ffTlkXXgwZi+eq1UCmqQwCh+eLsYOYCwY991i2Fah4h1BEMCx4qThGbsiA==
  /luxon/1.25.0:
    dev: false
    resolution:
      integrity: sha512-hEgLurSH8kQRjY6i4YLey+mcKVAWXbDNlZRmM6AgWDJ1cY3atl8Ztf5wEY7VBReFbmGnwQPz7KYJblL8B2k0jQ==
  /matcher/3.0.0:
    dependencies:
      escape-string-regexp: 4.0.0
    dev: true
    engines:
      node: '>=10'
    optional: true
    resolution:
      integrity: sha512-OkeDaAZ/bQCxeFAozM55PKcKU0yJMPGifLwV4Qgjitu+5MoAfSQN4lsLJeXZ1b8w0x+/Emda6MZgXS1jvsapng==
  /media-typer/1.1.0:
    dev: false
    engines:
      node: '>= 0.8'
    resolution:
      integrity: sha512-aisnrDP4GNe06UcKFnV5bfMNPBUw4jsLGaWwWfnH3v02GnBuXX2MCVn5RbrWo0j3pczUilYblq7fQ7Nw2t5XKw==
  /mimic-response/1.0.1:
    dev: true
    engines:
      node: '>=4'
    resolution:
      integrity: sha512-j5EctnkH7amfV/q5Hgmoal1g2QHFJRraOtmx0JpIqkxhBhI/lJSl1nMpQ45hVarwNETOoWEimndZ4QK0RHxuxQ==
  /minimist/1.2.5:
    dev: true
    resolution:
      integrity: sha512-FM9nNUYrRBAELZQT3xeZQ7fmMOBg6nWNmJKTcgsJeaLstP/UODVpGsr5OhXhhXg6f+qtJ8uiZ+PUxkDWcgIXLw==
  /mkdirp/0.5.5:
    dependencies:
      minimist: 1.2.5
    dev: true
    hasBin: true
    resolution:
      integrity: sha512-NKmAlESf6jMGym1++R0Ra7wvhV+wFW63FaSOFPwRahvea0gMUcGUhVeAg/0BC0wiv9ih5NYPB1Wn1UEI1/L+xQ==
  /ms/2.0.0:
    dev: true
    resolution:
      integrity: sha1-VgiurfwAvmwpAd9fmGF4jeDVl8g=
  /ms/2.1.2:
    resolution:
      integrity: sha512-sGkPx+VjMtmA6MX27oA4FBFELFCZZ4S4XqeGOXCv68tT+jb3vk/RyaKWP0PTKyWtmLSM0b+adUTEvbs1PEaH2w==
  /music-metadata/7.5.1:
    dependencies:
      content-type: 1.0.4
      debug: 4.3.1
      file-type: 16.0.1
      media-typer: 1.1.0
      strtok3: 6.0.4
      token-types: 2.0.0
    dev: false
    engines:
      node: '>=8'
    resolution:
      integrity: sha512-rkYf+LmlAaKMHSrXxxUbj53jQsCER+5MhoiqFDvsJ2aQ3jOyNbH0HqUoSc9ipYdSBCx27hAXaA/VCUfM+J8v/g==
  /nanoid/3.1.20:
    dev: false
    engines:
      node: ^10 || ^12 || ^13.7 || ^14 || >=15.0.1
    hasBin: true
    resolution:
      integrity: sha512-a1cQNyczgKbLX9jwbS/+d7W8fX/RfgYR7lVWwWOGIPNgK2m0MWvrGF6/m4kk6U3QcFMnZf3RIhL0v2Jgh/0Uxw==
  /normalize-package-data/2.5.0:
    dependencies:
      hosted-git-info: 2.8.8
      resolve: 1.17.0
      semver: 5.7.1
      validate-npm-package-license: 3.0.4
    dev: true
    resolution:
      integrity: sha512-/5CMN3T0R4XTj4DcGaexo+roZSdSFW/0AOOTROrjxzCG1wrWXEsGbRKevjlIL+ZDE4sZlJr5ED4YW0yqmkK+eA==
  /normalize-url/4.5.0:
    dev: true
    engines:
      node: '>=8'
    resolution:
      integrity: sha512-2s47yzUxdexf1OhyRi4Em83iQk0aPvwTddtFz4hnSSw9dCEsLEGf6SwIO8ss/19S9iBb5sJaOuTvTGDeZI00BQ==
  /npm-conf/1.1.3:
    dependencies:
      config-chain: 1.1.12
      pify: 3.0.0
    dev: true
    engines:
      node: '>=4'
    optional: true
    resolution:
      integrity: sha512-Yic4bZHJOt9RCFbRP3GgpqhScOY4HH3V2P8yBj6CeYq118Qr+BLXqT2JvpJ00mryLESpgOxf5XlFv4ZjXxLScw==
  /object-keys/1.1.1:
    dev: true
    engines:
      node: '>= 0.4'
    optional: true
    resolution:
      integrity: sha512-NuAESUOUMrlIXOfHKzD6bpPu3tYt3xvjNdRIQ+FeT0lNb4K8WR70CaDxhuNguS2XG+GjkyMwOzsN5ZktImfhLA==
  /once/1.4.0:
    dependencies:
      wrappy: 1.0.2
    dev: true
    resolution:
      integrity: sha1-WDsap3WWHUsROsF9nFC6753Xa9E=
  /p-cancelable/1.1.0:
    dev: true
    engines:
      node: '>=6'
    resolution:
      integrity: sha512-s73XxOZ4zpt1edZYZzvhqFa6uvQc1vwUa0K0BdtIZgQMAJj9IbebH+JkgKZc9h+B05PKHLOTl4ajG1BmNrVZlw==
  /p-limit/2.3.0:
    dependencies:
      p-try: 2.2.0
    dev: true
    engines:
      node: '>=6'
    resolution:
      integrity: sha512-//88mFWSJx8lxCzwdAABTJL2MyWB12+eIY7MDL2SqLmAkeKU9qxRvWuSyTjm3FUmpBEMuFfckAIqEaVGUDxb6w==
  /p-locate/3.0.0:
    dependencies:
      p-limit: 2.3.0
    dev: true
    engines:
      node: '>=6'
    resolution:
      integrity: sha512-x+12w/To+4GFfgJhBEpiDcLozRJGegY+Ei7/z0tSLkMmxGZNybVMSfWj9aJn8Z5Fc7dBUNJOOVgPv2H7IwulSQ==
  /p-try/2.2.0:
    dev: true
    engines:
      node: '>=6'
    resolution:
      integrity: sha512-R4nPAVTAU0B9D35/Gk3uJf/7XYbQcyohSKdvAxIRSNghFl4e71hVoGnBNQz9cWaXxO2I10KTC+3jMdvvoKw6dQ==
  /parse-json/4.0.0:
    dependencies:
      error-ex: 1.3.2
      json-parse-better-errors: 1.0.2
    dev: true
    engines:
      node: '>=4'
    resolution:
      integrity: sha1-vjX1Qlvh9/bHRxhPmKeIy5lHfuA=
  /path-exists/3.0.0:
    dev: true
    engines:
      node: '>=4'
    resolution:
      integrity: sha1-zg6+ql94yxiSXqfYENe1mwEP1RU=
  /path-parse/1.0.6:
    dev: true
    resolution:
      integrity: sha512-GSmOT2EbHrINBf9SR7CDELwlJ8AENk3Qn7OikK4nFYAu3Ote2+JYNVvkpAEQm3/TLNEJFD/xZJjzyxg3KBWOzw==
  /peek-readable/3.1.0:
    dev: false
    engines:
      node: '>=8'
    resolution:
      integrity: sha512-KGuODSTV6hcgdZvDrIDBUkN0utcAVj1LL7FfGbM0viKTtCHmtZcuEJ+lGqsp0fTFkGqesdtemV2yUSMeyy3ddA==
  /pend/1.2.0:
    dev: true
    resolution:
      integrity: sha1-elfrVQpng/kRUzH89GY9XI4AelA=
  /pify/3.0.0:
    engines:
      node: '>=4'
    resolution:
      integrity: sha1-5aSs0sEB/fPZpNB/DbxNtJ3SgXY=
  /prepend-http/2.0.0:
    dev: true
    engines:
      node: '>=4'
    resolution:
      integrity: sha1-6SQ0v6XqjBn0HN/UAddBo8gZ2Jc=
  /process-nextick-args/2.0.1:
    dev: true
    resolution:
      integrity: sha512-3ouUOpQhtgrbOa17J7+uxOTpITYWaGP7/AhoR3+A+/1e9skrzelGi/dXzEYyvbxubEF6Wn2ypscTKiKJFFn1ag==
  /progress/2.0.3:
    dev: true
    engines:
      node: '>=0.4.0'
    resolution:
      integrity: sha512-7PiHtLll5LdnKIMw100I+8xJXR5gW2QwWYkT6iJva0bXitZKa/XMrSbdmg3r2Xnaidz9Qumd0VPaMrZlF9V9sA==
  /proto-list/1.2.4:
    dev: true
    optional: true
    resolution:
      integrity: sha1-IS1b/hMYMGpCD2QCuOJv85ZHqEk=
  /pump/3.0.0:
    dependencies:
      end-of-stream: 1.4.4
      once: 1.4.0
    dev: true
    resolution:
      integrity: sha512-LwZy+p3SFs1Pytd/jYct4wpv49HiYCqd9Rlc5ZVdk0V+8Yzv6jR5Blk3TRmPL1ft69TxP0IMZGJ+WPFU2BFhww==
  /read-pkg/4.0.1:
    dependencies:
      normalize-package-data: 2.5.0
      parse-json: 4.0.0
      pify: 3.0.0
    dev: true
    engines:
      node: '>=6'
    resolution:
      integrity: sha1-ljYlN48+HE1IyFhytabsfV0JMjc=
  /readable-stream/2.3.7:
    dependencies:
      core-util-is: 1.0.2
      inherits: 2.0.4
      isarray: 1.0.0
      process-nextick-args: 2.0.1
      safe-buffer: 5.1.2
      string_decoder: 1.1.1
      util-deprecate: 1.0.2
    dev: true
    resolution:
      integrity: sha512-Ebho8K4jIbHAxnuxi7o42OrZgF/ZTNcsZj6nRKyUmkhLFq8CHItp/fy6hQZuZmP/n3yZ9VBUbp4zz/mX8hmYPw==
  /readable-stream/3.6.0:
    dependencies:
      inherits: 2.0.4
      string_decoder: 1.3.0
      util-deprecate: 1.0.2
    dev: false
    engines:
      node: '>= 6'
    resolution:
      integrity: sha512-BViHy7LKeTz4oNnkcLJ+lVSL6vpiFeX6/d3oSH8zCW7UxP2onchk+vTGB143xuFjHS3deTgkKoXXymXqymiIdA==
  /readable-web-to-node-stream/3.0.0:
    dependencies:
      '@types/readable-stream': 2.3.9
      readable-stream: 3.6.0
    dev: false
    engines:
      node: '>=8'
    resolution:
      integrity: sha512-HNmLb3n0SteGAs8HQlErYPGeO+y7cvL/mVUKtXeUkl0iCZ/2GIgKGrCFHyS7UXFnO8uc9U+0y3pYIzAPsjFfvA==
  /require-directory/2.1.1:
    dev: true
    engines:
      node: '>=0.10.0'
    resolution:
      integrity: sha1-jGStX9MNqxyXbiNE/+f3kqam30I=
  /require-main-filename/2.0.0:
    dev: true
    resolution:
      integrity: sha512-NKN5kMDylKuldxYLSUfrbo5Tuzh4hd+2E8NPPX02mZtn1VuREQToYe/ZdlJy+J3uCpfaiGF05e7B8W0iXbQHmg==
  /resolve/1.17.0:
    dependencies:
      path-parse: 1.0.6
    dev: true
    resolution:
      integrity: sha512-ic+7JYiV8Vi2yzQGFWOkiZD5Z9z7O2Zhm9XMaTxdJExKasieFCr+yXZ/WmXsckHiKl12ar0y6XiXDx3m4RHn1w==
  /responselike/1.0.2:
    dependencies:
      lowercase-keys: 1.0.1
    dev: true
    resolution:
      integrity: sha1-kYcg7ztjHFZCvgaPFa3lpG9Loec=
  /roarr/2.15.4:
    dependencies:
      boolean: 3.0.2
      detect-node: 2.0.4
      globalthis: 1.0.1
      json-stringify-safe: 5.0.1
      semver-compare: 1.0.0
      sprintf-js: 1.1.2
    dev: true
    engines:
      node: '>=8.0'
    optional: true
    resolution:
      integrity: sha512-CHhPh+UNHD2GTXNYhPWLnU8ONHdI+5DI+4EYIAOaiD63rHeYlZvyh8P+in5999TTSFgUYuKUAjzRI4mdh/p+2A==
  /rxjs/6.6.3:
    dependencies:
      tslib: 1.13.0
    dev: true
    engines:
      npm: '>=2.0.0'
    resolution:
      integrity: sha512-trsQc+xYYXZ3urjOiJOuCOa5N3jAZ3eiSpQB5hIT8zGlL2QfnHLJ2r7GMkBGuIausdJN1OneaI6gQlsqNHHmZQ==
  /safe-buffer/5.1.2:
    dev: true
    resolution:
      integrity: sha512-Gd2UZBJDkXlY7GbJxfsE8/nvKkUEU1G38c1siN6QP6a9PT9MmHB8GnpscSmMJSoF8LOIrt8ud/wPtojys4G6+g==
  /safe-buffer/5.2.1:
    dev: false
    resolution:
      integrity: sha512-rp3So07KcdmmKbGvgaNxQSJr7bGVSVk5S9Eq1F+ppbRo70+YeaDxkw5Dd8NPN+GD6bjnYm2VuPuCXmpuYvmCXQ==
  /sanitize-filename/1.6.3:
    dependencies:
      truncate-utf8-bytes: 1.0.2
    dev: true
    resolution:
      integrity: sha512-y/52Mcy7aw3gRm7IrcGDFx/bCk4AhRh2eI9luHOQM86nZsqwiRkkq2GekHXBBD+SmPidc8i2PqtYZl+pWJ8Oeg==
  /semver-compare/1.0.0:
    dev: true
    optional: true
    resolution:
      integrity: sha1-De4hahyUGrN+nvsXiPavxf9VN/w=
  /semver/5.7.1:
    dev: true
    hasBin: true
    resolution:
      integrity: sha512-sauaDf/PZdVgrLTNYHRtpXa1iRiKcaebiKQ1BJdpQlWH2lCvexQdX55snPFyK7QzpudqbCI0qXFfOasHdyNDGQ==
  /semver/7.3.4:
    dependencies:
      lru-cache: 6.0.0
    dev: true
    engines:
      node: '>=10'
    hasBin: true
    optional: true
    resolution:
      integrity: sha512-tCfb2WLjqFAtXn4KEdxIhalnRtoKFN7nAwj0B3ZXCbQloV2tq5eDbcTmT68JJD3nRJq24/XgxtQKFIpQdtvmVw==
  /serialize-error/7.0.1:
    dependencies:
      type-fest: 0.13.1
    dev: true
    engines:
      node: '>=10'
    optional: true
    resolution:
      integrity: sha512-8I8TjW5KMOKsZQTvoxjuSIa7foAwPWGOts+6o7sgjz41/qMD9VQHEDxi6PBvK2l0MXUmqZyNpUK+T2tQaaElvw==
  /set-blocking/2.0.0:
    dev: true
    resolution:
      integrity: sha1-BF+XgtARrppoA93TgrJDkrPYkPc=
  /spawn-command/0.0.2-1:
    dev: true
    resolution:
      integrity: sha1-YvXpRmmBwbeW3Fkpk34RycaSG9A=
  /spdx-correct/3.1.1:
    dependencies:
      spdx-expression-parse: 3.0.1
      spdx-license-ids: 3.0.6
    dev: true
    resolution:
      integrity: sha512-cOYcUWwhCuHCXi49RhFRCyJEK3iPj1Ziz9DpViV3tbZOwXD49QzIN3MpOLJNxh2qwq2lJJZaKMVw9qNi4jTC0w==
  /spdx-exceptions/2.3.0:
    dev: true
    resolution:
      integrity: sha512-/tTrYOC7PPI1nUAgx34hUpqXuyJG+DTHJTnIULG4rDygi4xu/tfgmq1e1cIRwRzwZgo4NLySi+ricLkZkw4i5A==
  /spdx-expression-parse/3.0.1:
    dependencies:
      spdx-exceptions: 2.3.0
      spdx-license-ids: 3.0.6
    dev: true
    resolution:
      integrity: sha512-cbqHunsQWnJNE6KhVSMsMeH5H/L9EpymbzqTQ3uLwNCLZ1Q481oWaofqH7nO6V07xlXwY6PhQdQ2IedWx/ZK4Q==
  /spdx-license-ids/3.0.6:
    dev: true
    resolution:
      integrity: sha512-+orQK83kyMva3WyPf59k1+Y525csj5JejicWut55zeTWANuN17qSiSLUXWtzHeNWORSvT7GLDJ/E/XiIWoXBTw==
  /sprintf-js/1.1.2:
    dev: true
    optional: true
    resolution:
      integrity: sha512-VE0SOVEHCk7Qc8ulkWw3ntAzXuqf7S2lvwQaDLRnUeIEaKNQJzV6BwmLKhOqT61aGhfUMrXeaBk+oDGCzvhcug==
  /steno/0.4.4:
    dependencies:
      graceful-fs: 4.2.4
    dev: false
    resolution:
      integrity: sha1-BxEFvfwobmYVwEA8J+nXtdy4Vcs=
  /string-hash/1.1.3:
    dev: false
    resolution:
      integrity: sha1-6Kr8CsGFW0Zmkp7X3RJ1311sgRs=
  /string-width/3.1.0:
    dependencies:
      emoji-regex: 7.0.3
      is-fullwidth-code-point: 2.0.0
      strip-ansi: 5.2.0
    dev: true
    engines:
      node: '>=6'
    resolution:
      integrity: sha512-vafcv6KjVZKSgz06oM/H6GDBrAtz8vdhQakGjFIvNrHA6y3HCF1CInLy+QLq8dTJPQ1b+KDUqDFctkdRW44e1w==
  /string_decoder/1.1.1:
    dependencies:
      safe-buffer: 5.1.2
    dev: true
    resolution:
      integrity: sha512-n/ShnvDi6FHbbVfviro+WojiFzv+s8MPMHBczVePfUpDJLwoLT0ht1l4YwBCbi8pJAveEEdnkHyPyTP/mzRfwg==
  /string_decoder/1.3.0:
    dependencies:
      safe-buffer: 5.2.1
    dev: false
    resolution:
      integrity: sha512-hkRX8U1WjJFd8LsDJ2yQ/wWWxaopEsABU1XfkM8A+j0+85JAGppt16cr1Whg6KIbb4okU6Mql6BOj+uup/wKeA==
  /strip-ansi/5.2.0:
    dependencies:
      ansi-regex: 4.1.0
    dev: true
    engines:
      node: '>=6'
    resolution:
      integrity: sha512-DuRs1gKbBqsMKIZlrffwlug8MHkcnpjs5VPmL1PAh+mA30U0DTotfDZ0d2UUsXpPmPmMMJ6W773MaA3J+lbiWA==
  /strtok3/6.0.4:
    dependencies:
      '@tokenizer/token': 0.1.1
      '@types/debug': 4.1.5
      peek-readable: 3.1.0
    dev: false
    engines:
      node: '>=8'
    resolution:
      integrity: sha512-rqWMKwsbN9APU47bQTMEYTPcwdpKDtmf1jVhHzNW2cL1WqAxaM9iBb9t5P2fj+RV2YsErUWgQzHD5JwV0uCTEQ==
  /sumchecker/3.0.1:
    dependencies:
      debug: 4.3.1
    dev: true
    engines:
      node: '>= 8.0'
    resolution:
      integrity: sha512-MvjXzkz/BOfyVDkG0oFOtBxHX2u3gKbMHIF/dXblZsgD3BWOFLmHovIpZY7BykJdAjcqRCBi1WYBNdEC9yI7vg==
  /supports-color/5.5.0:
    dependencies:
      has-flag: 3.0.0
    dev: true
    engines:
      node: '>=4'
    resolution:
      integrity: sha512-QjVjwdXIt408MIiAqCX4oUKsgU2EqAGzs2Ppkm4aQYbjm+ZEWEcW4SfFNTr4uMNZma0ey4f5lgLrkB0aX0QMow==
  /supports-color/6.1.0:
    dependencies:
      has-flag: 3.0.0
    dev: true
    engines:
      node: '>=6'
    resolution:
      integrity: sha512-qe1jfm1Mg7Nq/NSh6XE24gPXROEVsWHxC1LIx//XNlD9iw7YZQGjZNjYN7xGaEG6iKdA8EtNFW6R0gjnVXp+wQ==
  /to-readable-stream/1.0.0:
    dev: true
    engines:
      node: '>=6'
    resolution:
      integrity: sha512-Iq25XBt6zD5npPhlLVXGFN3/gyR2/qODcKNNyTMd4vbm39HUaOiAM4PMq0eMVC/Tkxz+Zjdsc55g9yyz+Yq00Q==
  /token-types/2.0.0:
    dependencies:
      '@tokenizer/token': 0.1.1
      ieee754: 1.2.1
    dev: false
    engines:
      node: '>=0.1.98'
    resolution:
      integrity: sha512-WWvu8sGK8/ZmGusekZJJ5NM6rRVTTDO7/bahz4NGiSDb/XsmdYBn6a1N/bymUHuWYTWeuLUg98wUzvE4jPdCZw==
  /tree-kill/1.2.2:
    dev: true
    hasBin: true
    resolution:
      integrity: sha512-L0Orpi8qGpRG//Nd+H90vFB+3iHnue1zSSGmNOOCh1GLJ7rUKVwV2HvijphGQS2UmhUZewS9VgvxYIdgr+fG1A==
  /truncate-utf8-bytes/1.0.2:
    dependencies:
      utf8-byte-length: 1.0.4
    dev: true
    resolution:
      integrity: sha1-QFkjkJWS1W94pYGENLC3hInKXys=
  /tslib/1.13.0:
    dev: true
    resolution:
      integrity: sha512-i/6DQjL8Xf3be4K/E6Wgpekn5Qasl1usyw++dAA35Ue5orEn65VIxOA+YvNNl9HV3qv70T7CNwjODHZrLwvd1Q==
  /tunnel/0.0.6:
    dev: true
    engines:
      node: '>=0.6.11 <=0.7.0 || >=0.7.3'
    optional: true
    resolution:
      integrity: sha512-1h/Lnq9yajKY2PEbBadPXj3VxsDDu844OnaAo52UVmIzIvwwtBPIuNvkjuzBlTWpfJyUbG3ez0KSBibQkj4ojg==
  /type-fest/0.13.1:
    dev: true
    engines:
      node: '>=10'
    optional: true
    resolution:
      integrity: sha512-34R7HTnG0XIJcBSn5XhDd7nNFPRcXYRZrBB2O2jdKqYODldSzBAqzsWoZYYvduky73toYS/ESqxPvkDf/F0XMg==
  /typedarray-to-buffer/3.1.5:
    dependencies:
      is-typedarray: 1.0.0
    dev: false
    resolution:
      integrity: sha512-zdu8XMNEDepKKR+XYOXAVPtWui0ly0NtohUscw+UmaHiAWT8hrV1rr//H6V+0DvJ3OQ19S979M0laLfX8rm82Q==
  /typedarray/0.0.6:
    dev: true
    resolution:
      integrity: sha1-hnrHTjhkGHsdPUfZlqeOxciDB3c=
  /typescript/4.1.2:
    dev: true
    engines:
      node: '>=4.2.0'
    hasBin: true
    resolution:
      integrity: sha512-thGloWsGH3SOxv1SoY7QojKi0tc+8FnOmiarEGMbd/lar7QOEd3hvlx3Fp5y6FlDUGl9L+pd4n2e+oToGMmhRQ==
  /tz-lookup/6.1.25:
    dev: false
    resolution:
      integrity: sha512-fFewT9o1uDzsW1QnUU1ValqaihFnwiUiiHr1S79/fxOzKXYYvX+EHeRnpvQJ9B3Qg67wPXT6QF2Esc4pFOrvLg==
  /universalify/0.1.2:
    dev: true
    engines:
      node: '>= 4.0.0'
    resolution:
      integrity: sha512-rBJeI5CXAlmy1pV+617WB9J63U6XcazHHF2f2dbJix4XzpUF0RS3Zbj0FGIOCAva5P/d/GBOYaACQ1w+0azUkg==
  /universalify/2.0.0:
    dev: false
    engines:
      node: '>= 10.0.0'
    resolution:
      integrity: sha512-hAZsKq7Yy11Zu1DE0OzWjw7nnLZmJZYTDZZyEFHZdUhV8FkH5MCfoU1XMaxXovpyW5nq5scPqq0ZDP9Zyl04oQ==
  /url-parse-lax/3.0.0:
    dependencies:
      prepend-http: 2.0.0
    dev: true
    engines:
      node: '>=4'
    resolution:
      integrity: sha1-FrXK/Afb42dsGxmZF3gj1lA6yww=
  /utf8-byte-length/1.0.4:
    dev: true
    resolution:
      integrity: sha1-9F8VDExm7uloGGUFq5P8u4rWv2E=
  /util-deprecate/1.0.2:
    resolution:
      integrity: sha1-RQ1Nyfpw3nMnYvvS1KKJgUGaDM8=
  /validate-npm-package-license/3.0.4:
    dependencies:
      spdx-correct: 3.1.1
      spdx-expression-parse: 3.0.1
    dev: true
    resolution:
      integrity: sha512-DpKm2Ui/xN7/HQKCtpZxoRWBhZ9Z0kqtygG8XCgNQ8ZlDnxuQmWhj566j8fN4Cu3/JmbhsDo7fcAJq4s9h27Ew==
  /which-module/2.0.0:
    dev: true
    resolution:
      integrity: sha1-2e8H3Od7mQK4o6j6SzHD4/fm6Ho=
  /wrap-ansi/5.1.0:
    dependencies:
      ansi-styles: 3.2.1
      string-width: 3.1.0
      strip-ansi: 5.2.0
    dev: true
    engines:
      node: '>=6'
    resolution:
      integrity: sha512-QC1/iN/2/RPVJ5jYK8BGttj5z83LmSKmvbvrXPNCLZSEb32KKVDJDl/MOt2N01qU2H/FkzEa9PKto1BqDjtd7Q==
  /wrappy/1.0.2:
    dev: true
    resolution:
      integrity: sha1-tSQ9jz7BqjXxNkYFvA0QNuMKtp8=
  /y18n/4.0.0:
    dev: true
    resolution:
      integrity: sha512-r9S/ZyXu/Xu9q1tYlpsLIsa3EeLXXk0VwlxqTcFRfg9EhMW+17kbt9G0NrgCmhGb5vT2hyhJZLfDGx+7+5Uj/w==
  /yallist/4.0.0:
    dev: true
    optional: true
    resolution:
      integrity: sha512-3wdGidZyq5PB084XLES5TpOSRA3wjXAlIWMhum2kRcv/41Sn2emQ0dycQW4uZXLejwKvg6EsvbdlVL+FYEct7A==
  /yargs-parser/13.1.2:
    dependencies:
      camelcase: 5.3.1
      decamelize: 1.2.0
    dev: true
    resolution:
      integrity: sha512-3lbsNRf/j+A4QuSZfDRA7HRSfWrzO0YjqTJd5kjAq37Zep1CEgaYmrH9Q3GwPiB9cHyd1Y1UwggGhJGoxipbzg==
  /yargs/13.3.2:
    dependencies:
      cliui: 5.0.0
      find-up: 3.0.0
      get-caller-file: 2.0.5
      require-directory: 2.1.1
      require-main-filename: 2.0.0
      set-blocking: 2.0.0
      string-width: 3.1.0
      which-module: 2.0.0
      y18n: 4.0.0
      yargs-parser: 13.1.2
    dev: true
    resolution:
      integrity: sha512-AX3Zw5iPruN5ie6xGRIDgqkT+ZhnRlZMLMHAs8tg7nRruy2Nb+i5o9bwghAogtM08q1dpr2LVoS8KSTMYpWXUw==
  /yauzl/2.10.0:
    dependencies:
      buffer-crc32: 0.2.13
      fd-slicer: 1.1.0
    dev: true
    resolution:
      integrity: sha1-x+sXyT4RLLEIb6bY5R+wZnt5pfk=
specifiers:
  '@types/jsonfile': ^6.0.0
  '@types/lokijs': ^1.5.3
  '@types/nanoid': ^2.1.0
  '@types/node': ^14.14.12
  '@types/string-hash': ^1.1.1
  concurrently: ^5.3.0
  deepmerge: ^4.2.2
  easydropdown: ^4.2.0
  electron: ^11.0.4
  electron-window-state: ^5.0.3
  exiftool-vendored: ^13.0.0
  json-beautify: ^1.1.1
  jsonfile: ^6.1.0
  lokijs: ^1.5.11
  lowdb: ^1.0.0
  music-metadata: ^7.5.1
  nanoid: ^3.1.20
  string-hash: ^1.1.3
  typescript: ^4.1.2
